
Microsoft Visual Studio Solution File, Format Version 12.00
# Visual Studio Version 17
VisualStudioVersion = 17.5.33530.505
MinimumVisualStudioVersion = 10.0.40219.1
Project("{9A19103F-16F7-4668-BE54-9A1E7A4F7556}") = "SanatEvi.Business", "SanatEvi.Business\SanatEvi.Business.csproj", "{14BB7B79-F2CB-4A0B-B252-9EE0C0AF1D91}"
EndProject
Project("{9A19103F-16F7-4668-BE54-9A1E7A4F7556}") = "SanatEvi.Data", "SanatEvi.Data\SanatEvi.Data.csproj", "{19896EFD-67B0-4372-B98B-8DD67FA663F9}"
EndProject
Project("{9A19103F-16F7-4668-BE54-9A1E7A4F7556}") = "SanatEvi.Entity", "SanatEvi.Entity\SanatEvi.Entity.csproj", "{D2526355-1520-41AF-AC4A-1D716F70260F}"
EndProject
Project("{9A19103F-16F7-4668-BE54-9A1E7A4F7556}") = "SanatEvi.MVC", "SanatEvi.MVC\SanatEvi.MVC.csproj", "{F2890B9F-1048-4CA5-8213-64B65F03D5C3}"
EndProject
Project("{FAE04EC0-301F-11D3-BF4B-00C04F79EFBC}") = "SanatEvi.Core", "SanatEvi.Core\SanatEvi.Core.csproj", "{EBA4C0C2-B614-4988-8136-EE9C082211E1}"
EndProject
Global
	GlobalSection(SolutionConfigurationPlatforms) = preSolution
		Debug|Any CPU = Debug|Any CPU
		Release|Any CPU = Release|Any CPU
	EndGlobalSection
	GlobalSection(ProjectConfigurationPlatforms) = postSolution
		{14BB7B79-F2CB-4A0B-B252-9EE0C0AF1D91}.Debug|Any CPU.ActiveCfg = Debug|Any CPU
		{14BB7B79-F2CB-4A0B-B252-9EE0C0AF1D91}.Debug|Any CPU.Build.0 = Debug|Any CPU
		{14BB7B79-F2CB-4A0B-B252-9EE0C0AF1D91}.Release|Any CPU.ActiveCfg = Release|Any CPU
		{14BB7B79-F2CB-4A0B-B252-9EE0C0AF1D91}.Release|Any CPU.Build.0 = Release|Any CPU
		{19896EFD-67B0-4372-B98B-8DD67FA663F9}.Debug|Any CPU.ActiveCfg = Debug|Any CPU
		{19896EFD-67B0-4372-B98B-8DD67FA663F9}.Debug|Any CPU.Build.0 = Debug|Any CPU
		{19896EFD-67B0-4372-B98B-8DD67FA663F9}.Release|Any CPU.ActiveCfg = Release|Any CPU
		{19896EFD-67B0-4372-B98B-8DD67FA663F9}.Release|Any CPU.Build.0 = Release|Any CPU
		{D2526355-1520-41AF-AC4A-1D716F70260F}.Debug|Any CPU.ActiveCfg = Debug|Any CPU
		{D2526355-1520-41AF-AC4A-1D716F70260F}.Debug|Any CPU.Build.0 = Debug|Any CPU
		{D2526355-1520-41AF-AC4A-1D716F70260F}.Release|Any CPU.ActiveCfg = Release|Any CPU
		{D2526355-1520-41AF-AC4A-1D716F70260F}.Release|Any CPU.Build.0 = Release|Any CPU
		{F2890B9F-1048-4CA5-8213-64B65F03D5C3}.Debug|Any CPU.ActiveCfg = Debug|Any CPU
		{F2890B9F-1048-4CA5-8213-64B65F03D5C3}.Debug|Any CPU.Build.0 = Debug|Any CPU
		{F2890B9F-1048-4CA5-8213-64B65F03D5C3}.Release|Any CPU.ActiveCfg = Release|Any CPU
		{F2890B9F-1048-4CA5-8213-64B65F03D5C3}.Release|Any CPU.Build.0 = Release|Any CPU
		{EBA4C0C2-B614-4988-8136-EE9C082211E1}.Debug|Any CPU.ActiveCfg = Debug|Any CPU
		{EBA4C0C2-B614-4988-8136-EE9C082211E1}.Debug|Any CPU.Build.0 = Debug|Any CPU
		{EBA4C0C2-B614-4988-8136-EE9C082211E1}.Release|Any CPU.ActiveCfg = Release|Any CPU
		{EBA4C0C2-B614-4988-8136-EE9C082211E1}.Release|Any CPU.Build.0 = Release|Any CPU
	EndGlobalSection
	GlobalSection(SolutionProperties) = preSolution
		HideSolutionNode = FALSE
	EndGlobalSection
	GlobalSection(ExtensibilityGlobals) = postSolution
		SolutionGuid = {C3E29708-D6AB-44AF-B576-B60D26863278}
	EndGlobalSection
EndGlobal
