
Microsoft Visual Studio Solution File, Format Version 12.00
# Visual Studio Version 17
VisualStudioVersion = 17.6.33815.320
MinimumVisualStudioVersion = 10.0.40219.1
Project("{FAE04EC0-301F-11D3-BF4B-00C04F79EFBC}") = "SanatEvi.Business", "..\SanatEvi.Business\SanatEvi.Business.csproj", "{05DB00D7-BE78-44AC-B52E-3B62C97AA702}"
EndProject
Project("{FAE04EC0-301F-11D3-BF4B-00C04F79EFBC}") = "SanatEvi.Data", "..\SanatEvi.Data\SanatEvi.Data.csproj", "{0955AC10-F456-401D-B15E-7FB70F24E3DD}"
EndProject
Project("{FAE04EC0-301F-11D3-BF4B-00C04F79EFBC}") = "SanatEvi.Core", "..\SanatEvi.Core\SanatEvi.Core.csproj", "{0E1ED335-4E62-4827-8B9A-CAAC3D512862}"
EndProject
Project("{FAE04EC0-301F-11D3-BF4B-00C04F79EFBC}") = "SanatEvi.Entity", "..\SanatEvi.Entity\SanatEvi.Entity.csproj", "{0095D869-4942-4464-B6F9-DF553A66CD7D}"
EndProject
Project("{FAE04EC0-301F-11D3-BF4B-00C04F79EFBC}") = "SanatEvi.MVC", "..\SanatEvi.MVC\SanatEvi.MVC.csproj", "{98DA7F40-1543-41F7-9F0C-92BF90550431}"
EndProject
Global
	GlobalSection(SolutionConfigurationPlatforms) = preSolution
		Debug|Any CPU = Debug|Any CPU
		Release|Any CPU = Release|Any CPU
	EndGlobalSection
	GlobalSection(ProjectConfigurationPlatforms) = postSolution
		{05DB00D7-BE78-44AC-B52E-3B62C97AA702}.Debug|Any CPU.ActiveCfg = Debug|Any CPU
		{05DB00D7-BE78-44AC-B52E-3B62C97AA702}.Debug|Any CPU.Build.0 = Debug|Any CPU
		{05DB00D7-BE78-44AC-B52E-3B62C97AA702}.Release|Any CPU.ActiveCfg = Release|Any CPU
		{05DB00D7-BE78-44AC-B52E-3B62C97AA702}.Release|Any CPU.Build.0 = Release|Any CPU
		{0955AC10-F456-401D-B15E-7FB70F24E3DD}.Debug|Any CPU.ActiveCfg = Debug|Any CPU
		{0955AC10-F456-401D-B15E-7FB70F24E3DD}.Debug|Any CPU.Build.0 = Debug|Any CPU
		{0955AC10-F456-401D-B15E-7FB70F24E3DD}.Release|Any CPU.ActiveCfg = Release|Any CPU
		{0955AC10-F456-401D-B15E-7FB70F24E3DD}.Release|Any CPU.Build.0 = Release|Any CPU
		{0E1ED335-4E62-4827-8B9A-CAAC3D512862}.Debug|Any CPU.ActiveCfg = Debug|Any CPU
		{0E1ED335-4E62-4827-8B9A-CAAC3D512862}.Debug|Any CPU.Build.0 = Debug|Any CPU
		{0E1ED335-4E62-4827-8B9A-CAAC3D512862}.Release|Any CPU.ActiveCfg = Release|Any CPU
		{0E1ED335-4E62-4827-8B9A-CAAC3D512862}.Release|Any CPU.Build.0 = Release|Any CPU
		{0095D869-4942-4464-B6F9-DF553A66CD7D}.Debug|Any CPU.ActiveCfg = Debug|Any CPU
		{0095D869-4942-4464-B6F9-DF553A66CD7D}.Debug|Any CPU.Build.0 = Debug|Any CPU
		{0095D869-4942-4464-B6F9-DF553A66CD7D}.Release|Any CPU.ActiveCfg = Release|Any CPU
		{0095D869-4942-4464-B6F9-DF553A66CD7D}.Release|Any CPU.Build.0 = Release|Any CPU
		{98DA7F40-1543-41F7-9F0C-92BF90550431}.Debug|Any CPU.ActiveCfg = Debug|Any CPU
		{98DA7F40-1543-41F7-9F0C-92BF90550431}.Debug|Any CPU.Build.0 = Debug|Any CPU
		{98DA7F40-1543-41F7-9F0C-92BF90550431}.Release|Any CPU.ActiveCfg = Release|Any CPU
		{98DA7F40-1543-41F7-9F0C-92BF90550431}.Release|Any CPU.Build.0 = Release|Any CPU
	EndGlobalSection
	GlobalSection(SolutionProperties) = preSolution
		HideSolutionNode = FALSE
	EndGlobalSection
	GlobalSection(ExtensibilityGlobals) = postSolution
		SolutionGuid = {1966D771-6567-4694-BE96-66E73C4CBC79}
	EndGlobalSection
EndGlobal
